
Microsoft Visual Studio Solution File, Format Version 12.00
# Visual Studio Version 16
VisualStudioVersion = 16.0.28922.388
MinimumVisualStudioVersion = 10.0.40219.1
Project("{9A19103F-16F7-4668-BE54-9A1E7A4F7556}") = "myapi", "myapi.csproj", "{9AAF3CA8-5DAD-4998-9D66-C23A6D5242AD}"
EndProject
Global
	GlobalSection(SolutionConfigurationPlatforms) = preSolution
		Debug|Any CPU = Debug|Any CPU
		Release|Any CPU = Release|Any CPU
	EndGlobalSection
	GlobalSection(ProjectConfigurationPlatforms) = postSolution
		{9AAF3CA8-5DAD-4998-9D66-C23A6D5242AD}.Debug|Any CPU.ActiveCfg = Debug|Any CPU
		{9AAF3CA8-5DAD-4998-9D66-C23A6D5242AD}.Debug|Any CPU.Build.0 = Debug|Any CPU
		{9AAF3CA8-5DAD-4998-9D66-C23A6D5242AD}.Release|Any CPU.ActiveCfg = Release|Any CPU
		{9AAF3CA8-5DAD-4998-9D66-C23A6D5242AD}.Release|Any CPU.Build.0 = Release|Any CPU
	EndGlobalSection
	GlobalSection(SolutionProperties) = preSolution
		HideSolutionNode = FALSE
	EndGlobalSection
	GlobalSection(ExtensibilityGlobals) = postSolution
		SolutionGuid = {0346C993-7095-4B56-8012-D5609FA2CE8D}
	EndGlobalSection
EndGlobal
